{
  "version": 4,
  "terraform_version": "1.5.3",
  "serial": 3,
  "lineage": "90b486e3-b468-85f9-a367-7b4538efc67e",
  "outputs": {},
  "resources": [
    {
      "mode": "managed",
      "type": "idcloudhost_floating_ip",
      "name": "iptiga",
      "provider": "provider[\"registry.terraform.io/bapung/idcloudhost\"]",
      "instances": [
        {
          "schema_version": 0,
          "attributes": {
            "address": "103.176.79.213",
            "assigned_to": "a24b2060-e066-4426-a36d-402a61cd5ada",
            "billing_account_id": 31344,
            "created_at": "2023-07-28 03:00:13",
            "enabled": true,
            "id": "103.176.79.213",
            "name": "monitoringIP",
            "network_id": "",
            "timeouts": null,
            "type": "public",
            "updated_at": "2023-07-28 03:00:14",
            "user_id": 31344
          },
          "sensitive_attributes": [],
          "private": "eyJlMmJmYjczMC1lY2FhLTExZTYtOGY4OC0zNDM2M2JjN2M0YzAiOnsiY3JlYXRlIjozMDAwMDAwMDAwMDB9fQ==",
          "dependencies": [
            "idcloudhost_vm.monitoring"
          ]
        }
      ]
    },
    {
      "mode": "managed",
      "type": "idcloudhost_vm",
      "name": "monitoring",
      "provider": "provider[\"registry.terraform.io/bapung/idcloudhost\"]",
      "instances": [
        {
          "schema_version": 0,
          "attributes": {
            "backup": false,
            "billing_account_id": 1200157626,
            "created_at": "2023-07-28 02:58:41",
            "description": "",
            "disks": 20,
            "hostname": "mahesa-monitoring",
            "hypervisor_id": "",
            "id": "a24b2060-e066-4426-a36d-402a61cd5ada",
            "initial_password": "Mahesa123",
            "mac": "52:54:00:e4:5c:b1",
            "memory": 2048,
            "name": "mahesa-monitoring",
            "os_name": "ubuntu",
            "os_version": "20.04",
            "private_ipv4": "10.71.15.166",
            "public_key": "ssh-rsa AAAAB3NzaC1yc2EAAAADAQABAAABgQDA76Y/Okp4GOSH8/HMWqtaZVmDjRh+VemyhQdJNqORBiCcvDSyg47hrcLA9QuINq62MmbN+Trp0gbmXeQHsoB2frdTTdljArwQ7fJCxXKUnKuXXOzjKMGdkIClS8E2R+Gqd0SmfVG+5FTpZHJFSNrrf4Kw0UgzP6i0MBUtDqWr6dScXq1CimMnaepiNG01WqVe6SbQlEkwPnjVX/NvArx0biAfIIYdqF21cBP7z4R6rpaK59N1z+htKUdpR86Rqj9kEd32oJSIGogasjQDg4LS8IlgYtHqRERJL4Fl7Pwvn4QUzTEFK/czZHCC7SV6e0vn3e6JHe2vqcoPyvSm3AlA2hAH0DGiK+tLwtunuDEvLfeqwFD3UQftXjqMbTDKgkDVgElSqFyBR1c6BP3eBMJcwRX+bKmUarXoZCtBTfIW0MFJOThEaCIYklSYSxzyealVACleE7gdWPnzXuIrTHap3t1CbSlN2WV8VjlqswZ4MFlH7CHvQh4SvRIYpdQUzB8= mahesa@DESKTOP-8P2CMLF",
            "source_replica": null,
            "source_uuid": null,
            "status": "running",
            "storage": [
              {
                "created_at": "2023-07-28 02:58:43",
                "id": 0,
                "name": "vda",
                "pool": "n/a",
                "primary": true,
                "replica": [],
                "shared": false,
                "size": 20,
                "type": "n/a",
                "updated_at": "",
                "user_id": 31344,
                "uuid": "535cec92-2575-49f8-baa1-b0fc74580c87"
              }
            ],
            "tags": [],
            "timeouts": null,
            "updated_at": "2023-07-28 03:00:10",
            "user_id": 31344,
            "username": "mahesa",
            "uuid": "a24b2060-e066-4426-a36d-402a61cd5ada",
            "vcpu": 2
          },
          "sensitive_attributes": [],
          "private": "eyJlMmJmYjczMC1lY2FhLTExZTYtOGY4OC0zNDM2M2JjN2M0YzAiOnsiY3JlYXRlIjozMDAwMDAwMDAwMDB9fQ=="
        }
      ]
    }
  ],
  "check_results": null
}
